// !$*UTF8*$!
{
	archiveVersion = 1;
	classes = {
	};
	objectVersion = 55;
	objects = {

/* Begin PBXBuildFile section */
		CE138727287C42B20010896C /* Download_managerApp.swift in Sources */ = {isa = PBXBuildFile; fileRef = CE138726287C42B20010896C /* Download_managerApp.swift */; };
		CE138729287C42B20010896C /* ContentView.swift in Sources */ = {isa = PBXBuildFile; fileRef = CE138728287C42B20010896C /* ContentView.swift */; };
		CE13872B287C42B50010896C /* Assets.xcassets in Resources */ = {isa = PBXBuildFile; fileRef = CE13872A287C42B50010896C /* Assets.xcassets */; };
		CE13872E287C42B50010896C /* Preview Assets.xcassets in Resources */ = {isa = PBXBuildFile; fileRef = CE13872D287C42B50010896C /* Preview Assets.xcassets */; };
		CE138739287C4B1E0010896C /* MainUIView.swift in Sources */ = {isa = PBXBuildFile; fileRef = CE138738287C4B1E0010896C /* MainUIView.swift */; };
		CE3BFCD92991592400FAFCC5 /* DownloadService.swift in Sources */ = {isa = PBXBuildFile; fileRef = CE3BFCD82991592400FAFCC5 /* DownloadService.swift */; };
		CE52D1132897D82300D7D89A /* Download.swift in Sources */ = {isa = PBXBuildFile; fileRef = CE52D1122897D82300D7D89A /* Download.swift */; };
		CE52D1152897D92500D7D89A /* File.swift in Sources */ = {isa = PBXBuildFile; fileRef = CE52D1142897D92500D7D89A /* File.swift */; };
		CE708DDE294888BE0048F3F0 /* QueryService.swift in Sources */ = {isa = PBXBuildFile; fileRef = CE708DDD294888BE0048F3F0 /* QueryService.swift */; };
/* End PBXBuildFile section */

/* Begin PBXFileReference section */
		CE138723287C42B20010896C /* Download manager.app */ = {isa = PBXFileReference; explicitFileType = wrapper.application; includeInIndex = 0; path = "Download manager.app"; sourceTree = BUILT_PRODUCTS_DIR; };
		CE138726287C42B20010896C /* Download_managerApp.swift */ = {isa = PBXFileReference; lastKnownFileType = sourcecode.swift; path = Download_managerApp.swift; sourceTree = "<group>"; };
		CE138728287C42B20010896C /* ContentView.swift */ = {isa = PBXFileReference; lastKnownFileType = sourcecode.swift; path = ContentView.swift; sourceTree = "<group>"; };
		CE13872A287C42B50010896C /* Assets.xcassets */ = {isa = PBXFileReference; lastKnownFileType = folder.assetcatalog; path = Assets.xcassets; sourceTree = "<group>"; };
		CE13872D287C42B50010896C /* Preview Assets.xcassets */ = {isa = PBXFileReference; lastKnownFileType = folder.assetcatalog; path = "Preview Assets.xcassets"; sourceTree = "<group>"; };
		CE13872F287C42B50010896C /* Download_manager.entitlements */ = {isa = PBXFileReference; lastKnownFileType = text.plist.entitlements; path = Download_manager.entitlements; sourceTree = "<group>"; };
		CE138738287C4B1E0010896C /* MainUIView.swift */ = {isa = PBXFileReference; lastKnownFileType = sourcecode.swift; path = MainUIView.swift; sourceTree = "<group>"; };
		CE3BFCD82991592400FAFCC5 /* DownloadService.swift */ = {isa = PBXFileReference; lastKnownFileType = sourcecode.swift; path = DownloadService.swift; sourceTree = "<group>"; };
		CE52D1122897D82300D7D89A /* Download.swift */ = {isa = PBXFileReference; lastKnownFileType = sourcecode.swift; path = Download.swift; sourceTree = "<group>"; };
		CE52D1142897D92500D7D89A /* File.swift */ = {isa = PBXFileReference; lastKnownFileType = sourcecode.swift; path = File.swift; sourceTree = "<group>"; };
		CE708DDD294888BE0048F3F0 /* QueryService.swift */ = {isa = PBXFileReference; lastKnownFileType = sourcecode.swift; path = QueryService.swift; sourceTree = "<group>"; };
/* End PBXFileReference section */

/* Begin PBXFrameworksBuildPhase section */
		CE138720287C42B20010896C /* Frameworks */ = {
			isa = PBXFrameworksBuildPhase;
			buildActionMask = 2147483647;
			files = (
			);
			runOnlyForDeploymentPostprocessing = 0;
		};
/* End PBXFrameworksBuildPhase section */

/* Begin PBXGroup section */
		CE13871A287C42B20010896C = {
			isa = PBXGroup;
			children = (
				CE138725287C42B20010896C /* Download manager */,
				CE138724287C42B20010896C /* Products */,
			);
			sourceTree = "<group>";
		};
		CE138724287C42B20010896C /* Products */ = {
			isa = PBXGroup;
			children = (
				CE138723287C42B20010896C /* Download manager.app */,
			);
			name = Products;
			sourceTree = "<group>";
		};
		CE138725287C42B20010896C /* Download manager */ = {
			isa = PBXGroup;
			children = (
				CE138735287C4A8E0010896C /* Views */,
				CE138726287C42B20010896C /* Download_managerApp.swift */,
				CE138728287C42B20010896C /* ContentView.swift */,
				CE13872A287C42B50010896C /* Assets.xcassets */,
				CE13872F287C42B50010896C /* Download_manager.entitlements */,
				CE13872C287C42B50010896C /* Preview Content */,
				CE52D1122897D82300D7D89A /* Download.swift */,
				CE52D1142897D92500D7D89A /* File.swift */,
				CE708DDD294888BE0048F3F0 /* QueryService.swift */,
				CE3BFCD82991592400FAFCC5 /* DownloadService.swift */,
			);
			path = "Download manager";
			sourceTree = "<group>";
		};
		CE13872C287C42B50010896C /* Preview Content */ = {
			isa = PBXGroup;
			children = (
				CE13872D287C42B50010896C /* Preview Assets.xcassets */,
			);
			path = "Preview Content";
			sourceTree = "<group>";
		};
		CE138735287C4A8E0010896C /* Views */ = {
			isa = PBXGroup;
			children = (
				CE138738287C4B1E0010896C /* MainUIView.swift */,
			);
			path = Views;
			sourceTree = "<group>";
		};
/* End PBXGroup section */

/* Begin PBXNativeTarget section */
		CE138722287C42B20010896C /* Download manager */ = {
			isa = PBXNativeTarget;
			buildConfigurationList = CE138732287C42B50010896C /* Build configuration list for PBXNativeTarget "Download manager" */;
			buildPhases = (
				CE13871F287C42B20010896C /* Sources */,
				CE138720287C42B20010896C /* Frameworks */,
				CE138721287C42B20010896C /* Resources */,
			);
			buildRules = (
			);
			dependencies = (
			);
			name = "Download manager";
			productName = "Download manager";
			productReference = CE138723287C42B20010896C /* Download manager.app */;
			productType = "com.apple.product-type.application";
		};
/* End PBXNativeTarget section */

/* Begin PBXProject section */
		CE13871B287C42B20010896C /* Project object */ = {
			isa = PBXProject;
			attributes = {
				BuildIndependentTargetsInParallel = 1;
				LastSwiftUpdateCheck = 1310;
				LastUpgradeCheck = 1310;
				TargetAttributes = {
					CE138722287C42B20010896C = {
						CreatedOnToolsVersion = 13.1;
					};
				};
			};
			buildConfigurationList = CE13871E287C42B20010896C /* Build configuration list for PBXProject "Download manager" */;
			compatibilityVersion = "Xcode 13.0";
			developmentRegion = en;
			hasScannedForEncodings = 0;
			knownRegions = (
				en,
				Base,
			);
			mainGroup = CE13871A287C42B20010896C;
			productRefGroup = CE138724287C42B20010896C /* Products */;
			projectDirPath = "";
			projectRoot = "";
			targets = (
				CE138722287C42B20010896C /* Download manager */,
			);
		};
/* End PBXProject section */

/* Begin PBXResourcesBuildPhase section */
		CE138721287C42B20010896C /* Resources */ = {
			isa = PBXResourcesBuildPhase;
			buildActionMask = 2147483647;
			files = (
				CE13872E287C42B50010896C /* Preview Assets.xcassets in Resources */,
				CE13872B287C42B50010896C /* Assets.xcassets in Resources */,
			);
			runOnlyForDeploymentPostprocessing = 0;
		};
/* End PBXResourcesBuildPhase section */

/* Begin PBXSourcesBuildPhase section */
		CE13871F287C42B20010896C /* Sources */ = {
			isa = PBXSourcesBuildPhase;
			buildActionMask = 2147483647;
			files = (
				CE138729287C42B20010896C /* ContentView.swift in Sources */,
				CE3BFCD92991592400FAFCC5 /* DownloadService.swift in Sources */,
				CE52D1152897D92500D7D89A /* File.swift in Sources */,
				CE138727287C42B20010896C /* Download_managerApp.swift in Sources */,
				CE708DDE294888BE0048F3F0 /* QueryService.swift in Sources */,
				CE52D1132897D82300D7D89A /* Download.swift in Sources */,
				CE138739287C4B1E0010896C /* MainUIView.swift in Sources */,
			);
			runOnlyForDeploymentPostprocessing = 0;
		};
/* End PBXSourcesBuildPhase section */

/* Begin XCBuildConfiguration section */
		CE138730287C42B50010896C /* Debug */ = {
			isa = XCBuildConfiguration;
			buildSettings = {
				ALWAYS_SEARCH_USER_PATHS = NO;
				CLANG_ANALYZER_NONNULL = YES;
				CLANG_ANALYZER_NUMBER_OBJECT_CONVERSION = YES_AGGRESSIVE;
				CLANG_CXX_LANGUAGE_STANDARD = "gnu++17";
				CLANG_CXX_LIBRARY = "libc++";
				CLANG_ENABLE_MODULES = YES;
				CLANG_ENABLE_OBJC_ARC = YES;
				CLANG_ENABLE_OBJC_WEAK = YES;
				CLANG_WARN_BLOCK_CAPTURE_AUTORELEASING = YES;
				CLANG_WARN_BOOL_CONVERSION = YES;
				CLANG_WARN_COMMA = YES;
				CLANG_WARN_CONSTANT_CONVERSION = YES;
				CLANG_WARN_DEPRECATED_OBJC_IMPLEMENTATIONS = YES;
				CLANG_WARN_DIRECT_OBJC_ISA_USAGE = YES_ERROR;
				CLANG_WARN_DOCUMENTATION_COMMENTS = YES;
				CLANG_WARN_EMPTY_BODY = YES;
				CLANG_WARN_ENUM_CONVERSION = YES;
				CLANG_WARN_INFINITE_RECURSION = YES;
				CLANG_WARN_INT_CONVERSION = YES;
				CLANG_WARN_NON_LITERAL_NULL_CONVERSION = YES;
				CLANG_WARN_OBJC_IMPLICIT_RETAIN_SELF = YES;
				CLANG_WARN_OBJC_LITERAL_CONVERSION = YES;
				CLANG_WARN_OBJC_ROOT_CLASS = YES_ERROR;
				CLANG_WARN_QUOTED_INCLUDE_IN_FRAMEWORK_HEADER = YES;
				CLANG_WARN_RANGE_LOOP_ANALYSIS = YES;
				CLANG_WARN_STRICT_PROTOTYPES = YES;
				CLANG_WARN_SUSPICIOUS_MOVE = YES;
				CLANG_WARN_UNGUARDED_AVAILABILITY = YES_AGGRESSIVE;
				CLANG_WARN_UNREACHABLE_CODE = YES;
				CLANG_WARN__DUPLICATE_METHOD_MATCH = YES;
				COPY_PHASE_STRIP = NO;
				DEBUG_INFORMATION_FORMAT = dwarf;
				ENABLE_STRICT_OBJC_MSGSEND = YES;
				ENABLE_TESTABILITY = YES;
				GCC_C_LANGUAGE_STANDARD = gnu11;
				GCC_DYNAMIC_NO_PIC = NO;
				GCC_NO_COMMON_BLOCKS = YES;
				GCC_OPTIMIZATION_LEVEL = 0;
				GCC_PREPROCESSOR_DEFINITIONS = (
					"DEBUG=1",
					"$(inherited)",
				);
				GCC_WARN_64_TO_32_BIT_CONVERSION = YES;
				GCC_WARN_ABOUT_RETURN_TYPE = YES_ERROR;
				GCC_WARN_UNDECLARED_SELECTOR = YES;
				GCC_WARN_UNINITIALIZED_AUTOS = YES_AGGRESSIVE;
				GCC_WARN_UNUSED_FUNCTION = YES;
				GCC_WARN_UNUSED_VARIABLE = YES;
				MACOSX_DEPLOYMENT_TARGET = 11.6;
				MTL_ENABLE_DEBUG_INFO = INCLUDE_SOURCE;
				MTL_FAST_MATH = YES;
				ONLY_ACTIVE_ARCH = YES;
				SDKROOT = macosx;
				SWIFT_ACTIVE_COMPILATION_CONDITIONS = DEBUG;
				SWIFT_OPTIMIZATION_LEVEL = "-Onone";
			};
			name = Debug;
		};
		CE138731287C42B50010896C /* Release */ = {
			isa = XCBuildConfiguration;
			buildSettings = {
				ALWAYS_SEARCH_USER_PATHS = NO;
				CLANG_ANALYZER_NONNULL = YES;
				CLANG_ANALYZER_NUMBER_OBJECT_CONVERSION = YES_AGGRESSIVE;
				CLANG_CXX_LANGUAGE_STANDARD = "gnu++17";
				CLANG_CXX_LIBRARY = "libc++";
				CLANG_ENABLE_MODULES = YES;
				CLANG_ENABLE_OBJC_ARC = YES;
				CLANG_ENABLE_OBJC_WEAK = YES;
				CLANG_WARN_BLOCK_CAPTURE_AUTORELEASING = YES;
				CLANG_WARN_BOOL_CONVERSION = YES;
				CLANG_WARN_COMMA = YES;
				CLANG_WARN_CONSTANT_CONVERSION = YES;
				CLANG_WARN_DEPRECATED_OBJC_IMPLEMENTATIONS = YES;
				CLANG_WARN_DIRECT_OBJC_ISA_USAGE = YES_ERROR;
				CLANG_WARN_DOCUMENTATION_COMMENTS = YES;
				CLANG_WARN_EMPTY_BODY = YES;
				CLANG_WARN_ENUM_CONVERSION = YES;
				CLANG_WARN_INFINITE_RECURSION = YES;
				CLANG_WARN_INT_CONVERSION = YES;
				CLANG_WARN_NON_LITERAL_NULL_CONVERSION = YES;
				CLANG_WARN_OBJC_IMPLICIT_RETAIN_SELF = YES;
				CLANG_WARN_OBJC_LITERAL_CONVERSION = YES;
				CLANG_WARN_OBJC_ROOT_CLASS = YES_ERROR;
				CLANG_WARN_QUOTED_INCLUDE_IN_FRAMEWORK_HEADER = YES;
				CLANG_WARN_RANGE_LOOP_ANALYSIS = YES;
				CLANG_WARN_STRICT_PROTOTYPES = YES;
				CLANG_WARN_SUSPICIOUS_MOVE = YES;
				CLANG_WARN_UNGUARDED_AVAILABILITY = YES_AGGRESSIVE;
				CLANG_WARN_UNREACHABLE_CODE = YES;
				CLANG_WARN__DUPLICATE_METHOD_MATCH = YES;
				COPY_PHASE_STRIP = NO;
				DEBUG_INFORMATION_FORMAT = "dwarf-with-dsym";
				ENABLE_NS_ASSERTIONS = NO;
				ENABLE_STRICT_OBJC_MSGSEND = YES;
				GCC_C_LANGUAGE_STANDARD = gnu11;
				GCC_NO_COMMON_BLOCKS = YES;
				GCC_WARN_64_TO_32_BIT_CONVERSION = YES;
				GCC_WARN_ABOUT_RETURN_TYPE = YES_ERROR;
				GCC_WARN_UNDECLARED_SELECTOR = YES;
				GCC_WARN_UNINITIALIZED_AUTOS = YES_AGGRESSIVE;
				GCC_WARN_UNUSED_FUNCTION = YES;
				GCC_WARN_UNUSED_VARIABLE = YES;
				MACOSX_DEPLOYMENT_TARGET = 11.6;
				MTL_ENABLE_DEBUG_INFO = NO;
				MTL_FAST_MATH = YES;
				SDKROOT = macosx;
				SWIFT_COMPILATION_MODE = wholemodule;
				SWIFT_OPTIMIZATION_LEVEL = "-O";
			};
			name = Release;
		};
		CE138733287C42B50010896C /* Debug */ = {
			isa = XCBuildConfiguration;
			buildSettings = {
				ASSETCATALOG_COMPILER_APPICON_NAME = AppIcon;
				ASSETCATALOG_COMPILER_GLOBAL_ACCENT_COLOR_NAME = AccentColor;
				CODE_SIGN_ENTITLEMENTS = "Download manager/Download_manager.entitlements";
				CODE_SIGN_IDENTITY = "-";
				CODE_SIGN_STYLE = Automatic;
				COMBINE_HIDPI_IMAGES = YES;
				CURRENT_PROJECT_VERSION = 1;
				DEVELOPMENT_ASSET_PATHS = "\"Download manager/Preview Content\"";
				DEVELOPMENT_TEAM = 96MJ6Q33GX;
				ENABLE_HARDENED_RUNTIME = YES;
				ENABLE_PREVIEWS = YES;
				ENABLE_USER_SELECTED_FILES = readwrite;
				GENERATE_INFOPLIST_FILE = YES;
				INFOPLIST_KEY_NSHumanReadableCopyright = "";
				LD_RUNPATH_SEARCH_PATHS = (
					"$(inherited)",
					"@executable_path/../Frameworks",
				);
				MARKETING_VERSION = 1.0;
				PRODUCT_BUNDLE_IDENTIFIER = "Apriorit.Download-manager";
				PRODUCT_NAME = "$(TARGET_NAME)";
				SWIFT_EMIT_LOC_STRINGS = YES;
				SWIFT_VERSION = 5.0;
			};
			name = Debug;
		};
		CE138734287C42B50010896C /* Release */ = {
			isa = XCBuildConfiguration;
			buildSettings = {
				ASSETCATALOG_COMPILER_APPICON_NAME = AppIcon;
				ASSETCATALOG_COMPILER_GLOBAL_ACCENT_COLOR_NAME = AccentColor;
				CODE_SIGN_ENTITLEMENTS = "Download manager/Download_manager.entitlements";
				CODE_SIGN_IDENTITY = "-";
				CODE_SIGN_STYLE = Automatic;
				COMBINE_HIDPI_IMAGES = YES;
				CURRENT_PROJECT_VERSION = 1;
				DEVELOPMENT_ASSET_PATHS = "\"Download manager/Preview Content\"";
				DEVELOPMENT_TEAM = 96MJ6Q33GX;
				ENABLE_HARDENED_RUNTIME = YES;
				ENABLE_PREVIEWS = YES;
				ENABLE_USER_SELECTED_FILES = readwrite;
				GENERATE_INFOPLIST_FILE = YES;
				INFOPLIST_KEY_NSHumanReadableCopyright = "";
				LD_RUNPATH_SEARCH_PATHS = (
					"$(inherited)",
					"@executable_path/../Frameworks",
				);
				MARKETING_VERSION = 1.0;
				PRODUCT_BUNDLE_IDENTIFIER = "Apriorit.Download-manager";
				PRODUCT_NAME = "$(TARGET_NAME)";
				SWIFT_EMIT_LOC_STRINGS = YES;
				SWIFT_VERSION = 5.0;
			};
			name = Release;
		};
/* End XCBuildConfiguration section */

/* Begin XCConfigurationList section */
		CE13871E287C42B20010896C /* Build configuration list for PBXProject "Download manager" */ = {
			isa = XCConfigurationList;
			buildConfigurations = (
				CE138730287C42B50010896C /* Debug */,
				CE138731287C42B50010896C /* Release */,
			);
			defaultConfigurationIsVisible = 0;
			defaultConfigurationName = Release;
		};
		CE138732287C42B50010896C /* Build configuration list for PBXNativeTarget "Download manager" */ = {
			isa = XCConfigurationList;
			buildConfigurations = (
				CE138733287C42B50010896C /* Debug */,
				CE138734287C42B50010896C /* Release */,
			);
			defaultConfigurationIsVisible = 0;
			defaultConfigurationName = Release;
		};
/* End XCConfigurationList section */
	};
	rootObject = CE13871B287C42B20010896C /* Project object */;
}
